
Microsoft Visual Studio Solution File, Format Version 12.00
# Visual Studio 15
VisualStudioVersion = 15.0.26730.16
MinimumVisualStudioVersion = 10.0.40219.1
Project("{9A19103F-16F7-4668-BE54-9A1E7A4F7556}") = "Ubora.Web", "Ubora.Web\Ubora.Web.csproj", "{5A686F3D-2BA3-4064-B936-DC7956D1CD95}"
EndProject
Project("{E53339B2-1760-4266-BCC7-CA923CBCF16C}") = "docker-compose", "docker-compose.dcproj", "{90DFD079-3246-488D-AC3A-A9804643DC50}"
EndProject
Project("{9A19103F-16F7-4668-BE54-9A1E7A4F7556}") = "Ubora.Domain", "Ubora.Domain\Ubora.Domain.csproj", "{5BC0E274-A30D-4F1D-A487-3C521E69C1D2}"
EndProject
Project("{9A19103F-16F7-4668-BE54-9A1E7A4F7556}") = "Ubora.Domain.Tests", "Ubora.Domain.Tests\Ubora.Domain.Tests.csproj", "{85D9A0FC-2014-47BD-922A-35601A4E983F}"
EndProject
Project("{2150E333-8FDC-42A3-9474-1A3956D46DE8}") = "Solution Items", "Solution Items", "{B6E598A6-7E57-451F-87FC-B60FE40341E7}"
	ProjectSection(SolutionItems) = preProject
		RunCIBuild.sh = RunCIBuild.sh
		RunDockerizedCIBuild.sh = RunDockerizedCIBuild.sh
		RunTests.sh = RunTests.sh
	EndProjectSection
EndProject
Project("{9A19103F-16F7-4668-BE54-9A1E7A4F7556}") = "Ubora.Web.Tests", "Ubora.Web.Tests\Ubora.Web.Tests.csproj", "{0E03B767-8A24-4205-89D9-E247116BEE90}"
EndProject
Global
	GlobalSection(SolutionConfigurationPlatforms) = preSolution
		Debug|Any CPU = Debug|Any CPU
		Release|Any CPU = Release|Any CPU
	EndGlobalSection
	GlobalSection(ProjectConfigurationPlatforms) = postSolution
		{5A686F3D-2BA3-4064-B936-DC7956D1CD95}.Debug|Any CPU.ActiveCfg = Debug|Any CPU
		{5A686F3D-2BA3-4064-B936-DC7956D1CD95}.Debug|Any CPU.Build.0 = Debug|Any CPU
		{5A686F3D-2BA3-4064-B936-DC7956D1CD95}.Release|Any CPU.ActiveCfg = Release|Any CPU
		{5A686F3D-2BA3-4064-B936-DC7956D1CD95}.Release|Any CPU.Build.0 = Release|Any CPU
		{90DFD079-3246-488D-AC3A-A9804643DC50}.Debug|Any CPU.ActiveCfg = Debug|Any CPU
		{90DFD079-3246-488D-AC3A-A9804643DC50}.Debug|Any CPU.Build.0 = Debug|Any CPU
		{90DFD079-3246-488D-AC3A-A9804643DC50}.Release|Any CPU.ActiveCfg = Release|Any CPU
		{5BC0E274-A30D-4F1D-A487-3C521E69C1D2}.Debug|Any CPU.ActiveCfg = Debug|Any CPU
		{5BC0E274-A30D-4F1D-A487-3C521E69C1D2}.Debug|Any CPU.Build.0 = Debug|Any CPU
		{5BC0E274-A30D-4F1D-A487-3C521E69C1D2}.Release|Any CPU.ActiveCfg = Release|Any CPU
		{5BC0E274-A30D-4F1D-A487-3C521E69C1D2}.Release|Any CPU.Build.0 = Release|Any CPU
		{85D9A0FC-2014-47BD-922A-35601A4E983F}.Debug|Any CPU.ActiveCfg = Debug|Any CPU
		{85D9A0FC-2014-47BD-922A-35601A4E983F}.Debug|Any CPU.Build.0 = Debug|Any CPU
		{85D9A0FC-2014-47BD-922A-35601A4E983F}.Release|Any CPU.ActiveCfg = Release|Any CPU
		{85D9A0FC-2014-47BD-922A-35601A4E983F}.Release|Any CPU.Build.0 = Release|Any CPU
		{0E03B767-8A24-4205-89D9-E247116BEE90}.Debug|Any CPU.ActiveCfg = Debug|Any CPU
		{0E03B767-8A24-4205-89D9-E247116BEE90}.Debug|Any CPU.Build.0 = Debug|Any CPU
		{0E03B767-8A24-4205-89D9-E247116BEE90}.Release|Any CPU.ActiveCfg = Release|Any CPU
		{0E03B767-8A24-4205-89D9-E247116BEE90}.Release|Any CPU.Build.0 = Release|Any CPU
	EndGlobalSection
	GlobalSection(SolutionProperties) = preSolution
		HideSolutionNode = FALSE
	EndGlobalSection
	GlobalSection(ExtensibilityGlobals) = postSolution
		SolutionGuid = {78CABD96-6EDA-4711-9D29-A260667238E8}
	EndGlobalSection
EndGlobal
